
Microsoft Visual Studio Solution File, Format Version 12.00
# Visual Studio Version 17
VisualStudioVersion = 17.14.36414.22
MinimumVisualStudioVersion = 10.0.40219.1
Project("{FAE04EC0-301F-11D3-BF4B-00C04F79EFBC}") = "WorkshopAPI", "WorkshopAPI\WorkshopAPI.csproj", "{D8C05450-A72A-45EB-9E23-242FE1E31C09}"
EndProject
Project("{FAE04EC0-301F-11D3-BF4B-00C04F79EFBC}") = "ContentValidatorFunction", "ContentValidatorFunction\ContentValidatorFunction.csproj", "{82205294-3613-40CE-B51D-0B202ED1AFBD}"
EndProject
Global
	GlobalSection(SolutionConfigurationPlatforms) = preSolution
		Debug|Any CPU = Debug|Any CPU
		Release|Any CPU = Release|Any CPU
	EndGlobalSection
	GlobalSection(ProjectConfigurationPlatforms) = postSolution
		{D8C05450-A72A-45EB-9E23-242FE1E31C09}.Debug|Any CPU.ActiveCfg = Debug|Any CPU
		{D8C05450-A72A-45EB-9E23-242FE1E31C09}.Debug|Any CPU.Build.0 = Debug|Any CPU
		{D8C05450-A72A-45EB-9E23-242FE1E31C09}.Release|Any CPU.ActiveCfg = Release|Any CPU
		{D8C05450-A72A-45EB-9E23-242FE1E31C09}.Release|Any CPU.Build.0 = Release|Any CPU
		{82205294-3613-40CE-B51D-0B202ED1AFBD}.Debug|Any CPU.ActiveCfg = Debug|Any CPU
		{82205294-3613-40CE-B51D-0B202ED1AFBD}.Debug|Any CPU.Build.0 = Debug|Any CPU
		{82205294-3613-40CE-B51D-0B202ED1AFBD}.Release|Any CPU.ActiveCfg = Release|Any CPU
		{82205294-3613-40CE-B51D-0B202ED1AFBD}.Release|Any CPU.Build.0 = Release|Any CPU
	EndGlobalSection
	GlobalSection(SolutionProperties) = preSolution
		HideSolutionNode = FALSE
	EndGlobalSection
	GlobalSection(ExtensibilityGlobals) = postSolution
		SolutionGuid = {E1AA4AE5-00F6-4969-AA34-799088D38663}
	EndGlobalSection
EndGlobal
